
Microsoft Visual Studio Solution File, Format Version 12.00
# Visual Studio Version 16
VisualStudioVersion = 16.0.30413.136
MinimumVisualStudioVersion = 10.0.40219.1
Project("{FAE04EC0-301F-11D3-BF4B-00C04F79EFBC}") = "WepApiApp", "WepApiApp\WepApiApp.csproj", "{B86B2AD4-E232-4716-87E0-C7C4548741B9}"
EndProject
Global
	GlobalSection(SolutionConfigurationPlatforms) = preSolution
		Debug|Any CPU = Debug|Any CPU
		Release|Any CPU = Release|Any CPU
	EndGlobalSection
	GlobalSection(ProjectConfigurationPlatforms) = postSolution
		{B86B2AD4-E232-4716-87E0-C7C4548741B9}.Debug|Any CPU.ActiveCfg = Debug|Any CPU
		{B86B2AD4-E232-4716-87E0-C7C4548741B9}.Debug|Any CPU.Build.0 = Debug|Any CPU
		{B86B2AD4-E232-4716-87E0-C7C4548741B9}.Release|Any CPU.ActiveCfg = Release|Any CPU
		{B86B2AD4-E232-4716-87E0-C7C4548741B9}.Release|Any CPU.Build.0 = Release|Any CPU
	EndGlobalSection
	GlobalSection(SolutionProperties) = preSolution
		HideSolutionNode = FALSE
	EndGlobalSection
	GlobalSection(ExtensibilityGlobals) = postSolution
		SolutionGuid = {D8C07C70-E11B-47B2-9EE3-C07167534EDC}
	EndGlobalSection
EndGlobal
